
Microsoft Visual Studio Solution File, Format Version 12.00
# Visual Studio Version 16
VisualStudioVersion = 16.0.30114.105
MinimumVisualStudioVersion = 10.0.40219.1
Project("{9A19103F-16F7-4668-BE54-9A1E7A4F7556}") = "AnimalFarm", "AnimalFarm\AnimalFarm.csproj", "{9F3A2AD9-BD29-4728-B2DE-DF94C86E5B2B}"
EndProject
Project("{FAE04EC0-301F-11D3-BF4B-00C04F79EFBC}") = "01. Class Box Data", "01. Class Box Data\01. Class Box Data.csproj", "{FC39DF26-0206-48CA-B91B-DAE23DE55115}"
EndProject
Project("{FAE04EC0-301F-11D3-BF4B-00C04F79EFBC}") = "03. Shopping Spree", "03. Shopping Spree\03. Shopping Spree.csproj", "{878EE268-D315-40F2-9443-EE6BD080CAF4}"
EndProject
Global
	GlobalSection(SolutionConfigurationPlatforms) = preSolution
		Debug|Any CPU = Debug|Any CPU
		Release|Any CPU = Release|Any CPU
	EndGlobalSection
	GlobalSection(ProjectConfigurationPlatforms) = postSolution
		{9F3A2AD9-BD29-4728-B2DE-DF94C86E5B2B}.Debug|Any CPU.ActiveCfg = Debug|Any CPU
		{9F3A2AD9-BD29-4728-B2DE-DF94C86E5B2B}.Debug|Any CPU.Build.0 = Debug|Any CPU
		{9F3A2AD9-BD29-4728-B2DE-DF94C86E5B2B}.Release|Any CPU.ActiveCfg = Release|Any CPU
		{9F3A2AD9-BD29-4728-B2DE-DF94C86E5B2B}.Release|Any CPU.Build.0 = Release|Any CPU
		{FC39DF26-0206-48CA-B91B-DAE23DE55115}.Debug|Any CPU.ActiveCfg = Debug|Any CPU
		{FC39DF26-0206-48CA-B91B-DAE23DE55115}.Debug|Any CPU.Build.0 = Debug|Any CPU
		{FC39DF26-0206-48CA-B91B-DAE23DE55115}.Release|Any CPU.ActiveCfg = Release|Any CPU
		{FC39DF26-0206-48CA-B91B-DAE23DE55115}.Release|Any CPU.Build.0 = Release|Any CPU
		{878EE268-D315-40F2-9443-EE6BD080CAF4}.Debug|Any CPU.ActiveCfg = Debug|Any CPU
		{878EE268-D315-40F2-9443-EE6BD080CAF4}.Debug|Any CPU.Build.0 = Debug|Any CPU
		{878EE268-D315-40F2-9443-EE6BD080CAF4}.Release|Any CPU.ActiveCfg = Release|Any CPU
		{878EE268-D315-40F2-9443-EE6BD080CAF4}.Release|Any CPU.Build.0 = Release|Any CPU
	EndGlobalSection
	GlobalSection(SolutionProperties) = preSolution
		HideSolutionNode = FALSE
	EndGlobalSection
	GlobalSection(ExtensibilityGlobals) = postSolution
		SolutionGuid = {16C6B5F8-9855-4B2E-9C91-D9E4C8A8FC04}
	EndGlobalSection
EndGlobal
