
Microsoft Visual Studio Solution File, Format Version 12.00
# Visual Studio Version 16
VisualStudioVersion = 16.0.30114.105
MinimumVisualStudioVersion = 10.0.40219.1
Project("{FAE04EC0-301F-11D3-BF4B-00C04F79EFBC}") = "Shapes", "Shapes\Shapes.csproj", "{97ACEA6D-B5F9-49AC-BA3D-810AE2CAFAB2}"
EndProject
Project("{FAE04EC0-301F-11D3-BF4B-00C04F79EFBC}") = "Cars", "Cars\Cars.csproj", "{102BF56D-F0D9-438F-86A6-CB4219AAA9DA}"
EndProject
Global
	GlobalSection(SolutionConfigurationPlatforms) = preSolution
		Debug|Any CPU = Debug|Any CPU
		Release|Any CPU = Release|Any CPU
	EndGlobalSection
	GlobalSection(ProjectConfigurationPlatforms) = postSolution
		{97ACEA6D-B5F9-49AC-BA3D-810AE2CAFAB2}.Debug|Any CPU.ActiveCfg = Debug|Any CPU
		{97ACEA6D-B5F9-49AC-BA3D-810AE2CAFAB2}.Debug|Any CPU.Build.0 = Debug|Any CPU
		{97ACEA6D-B5F9-49AC-BA3D-810AE2CAFAB2}.Release|Any CPU.ActiveCfg = Release|Any CPU
		{97ACEA6D-B5F9-49AC-BA3D-810AE2CAFAB2}.Release|Any CPU.Build.0 = Release|Any CPU
		{102BF56D-F0D9-438F-86A6-CB4219AAA9DA}.Debug|Any CPU.ActiveCfg = Debug|Any CPU
		{102BF56D-F0D9-438F-86A6-CB4219AAA9DA}.Debug|Any CPU.Build.0 = Debug|Any CPU
		{102BF56D-F0D9-438F-86A6-CB4219AAA9DA}.Release|Any CPU.ActiveCfg = Release|Any CPU
		{102BF56D-F0D9-438F-86A6-CB4219AAA9DA}.Release|Any CPU.Build.0 = Release|Any CPU
	EndGlobalSection
	GlobalSection(SolutionProperties) = preSolution
		HideSolutionNode = FALSE
	EndGlobalSection
	GlobalSection(ExtensibilityGlobals) = postSolution
		SolutionGuid = {72F327D2-7764-4F17-B088-F4B486F9F5F4}
	EndGlobalSection
EndGlobal
